
Microsoft Visual Studio Solution File, Format Version 12.00
# Visual Studio 15
VisualStudioVersion = 15.0.28307.572
MinimumVisualStudioVersion = 10.0.40219.1
Project("{FAE04EC0-301F-11D3-BF4B-00C04F79EFBC}") = "WordUnscrambler", "WordUnscrambler\WordUnscrambler.csproj", "{424311FA-6D28-441A-8952-E89A34D37B05}"
EndProject
Global
	GlobalSection(SolutionConfigurationPlatforms) = preSolution
		Debug|Any CPU = Debug|Any CPU
		Release|Any CPU = Release|Any CPU
	EndGlobalSection
	GlobalSection(ProjectConfigurationPlatforms) = postSolution
		{424311FA-6D28-441A-8952-E89A34D37B05}.Debug|Any CPU.ActiveCfg = Debug|Any CPU
		{424311FA-6D28-441A-8952-E89A34D37B05}.Debug|Any CPU.Build.0 = Debug|Any CPU
		{424311FA-6D28-441A-8952-E89A34D37B05}.Release|Any CPU.ActiveCfg = Release|Any CPU
		{424311FA-6D28-441A-8952-E89A34D37B05}.Release|Any CPU.Build.0 = Release|Any CPU
	EndGlobalSection
	GlobalSection(SolutionProperties) = preSolution
		HideSolutionNode = FALSE
	EndGlobalSection
	GlobalSection(ExtensibilityGlobals) = postSolution
		SolutionGuid = {39D19B94-A226-478E-8323-3155C46816C9}
	EndGlobalSection
EndGlobal
